{
  "lib/bitcoinprism-evm": {
    "rev": "158ff5e6361ba6813f37135c3635d6a88c6b3407"
  },
  "lib/broadcaster": {
    "branch": {
      "name": "main",
      "rev": "a3f6e0d8fa9dccbb0ac57e8780becd9c6e441e0d"
    }
  },
  "lib/forge-std": {
    "rev": "77041d2ce690e692d6e03cc812b57d1ddaa4d505"
  },
  "lib/openzeppelin-contracts": {
    "branch": {
      "name": "master",
      "rev": "e8745a6a68d77c43c01e2cbe2c83a0b3d36ecc84"
    }
  },
  "lib/permit2": {
    "rev": "cc56ad0f3439c502c246fc5cfcc3db92bb8b7219"
  },
  "lib/the-compact": {
    "rev": "b9c3b544151106a23b8f9d800751166a6089cf00"
  }
}